
Microsoft Visual Studio Solution File, Format Version 12.00
# Visual Studio Version 16
VisualStudioVersion = 16.0.29519.87
MinimumVisualStudioVersion = 10.0.40219.1
Project("{FAE04EC0-301F-11D3-BF4B-00C04F79EFBC}") = "LoginPrism", "LoginPrism\LoginPrism\LoginPrism.csproj", "{8E6A63F7-2060-4984-B8A0-F1FB8728795B}"
EndProject
Project("{FAE04EC0-301F-11D3-BF4B-00C04F79EFBC}") = "LoginPrism.Android", "LoginPrism\LoginPrism.Android\LoginPrism.Android.csproj", "{6454EC38-1E87-445C-8304-957D02B62405}"
EndProject
Project("{FAE04EC0-301F-11D3-BF4B-00C04F79EFBC}") = "LoginPrism.iOS", "LoginPrism\LoginPrism.iOS\LoginPrism.iOS.csproj", "{158F35E3-5B5F-4EE7-9AA5-6B28CF111051}"
EndProject
Project("{FAE04EC0-301F-11D3-BF4B-00C04F79EFBC}") = "LoginPrism.UWP", "LoginPrism\LoginPrism.UWP\LoginPrism.UWP.csproj", "{B6798830-D752-442E-B460-D69071939055}"
EndProject
Project("{2150E333-8FDC-42A3-9474-1A3956D46DE8}") = "Api", "Api", "{9CC0DCC5-31B7-489F-9DD0-4B2A829D3F9D}"
EndProject
Project("{FAE04EC0-301F-11D3-BF4B-00C04F79EFBC}") = "LoginApi", "LoginApi\LoginApi.csproj", "{2E474545-4B71-4C2C-8A1E-03987D5FCC46}"
EndProject
Global
	GlobalSection(SolutionConfigurationPlatforms) = preSolution
		Ad-Hoc|Any CPU = Ad-Hoc|Any CPU
		Ad-Hoc|ARM = Ad-Hoc|ARM
		Ad-Hoc|iPhone = Ad-Hoc|iPhone
		Ad-Hoc|iPhoneSimulator = Ad-Hoc|iPhoneSimulator
		Ad-Hoc|x64 = Ad-Hoc|x64
		Ad-Hoc|x86 = Ad-Hoc|x86
		AppStore|Any CPU = AppStore|Any CPU
		AppStore|ARM = AppStore|ARM
		AppStore|iPhone = AppStore|iPhone
		AppStore|iPhoneSimulator = AppStore|iPhoneSimulator
		AppStore|x64 = AppStore|x64
		AppStore|x86 = AppStore|x86
		Debug|Any CPU = Debug|Any CPU
		Debug|ARM = Debug|ARM
		Debug|iPhone = Debug|iPhone
		Debug|iPhoneSimulator = Debug|iPhoneSimulator
		Debug|x64 = Debug|x64
		Debug|x86 = Debug|x86
		Release|Any CPU = Release|Any CPU
		Release|ARM = Release|ARM
		Release|iPhone = Release|iPhone
		Release|iPhoneSimulator = Release|iPhoneSimulator
		Release|x64 = Release|x64
		Release|x86 = Release|x86
	EndGlobalSection
	GlobalSection(ProjectConfigurationPlatforms) = postSolution
		{8E6A63F7-2060-4984-B8A0-F1FB8728795B}.Ad-Hoc|Any CPU.ActiveCfg = Debug|Any CPU
		{8E6A63F7-2060-4984-B8A0-F1FB8728795B}.Ad-Hoc|Any CPU.Build.0 = Debug|Any CPU
		{8E6A63F7-2060-4984-B8A0-F1FB8728795B}.Ad-Hoc|ARM.ActiveCfg = Debug|Any CPU
		{8E6A63F7-2060-4984-B8A0-F1FB8728795B}.Ad-Hoc|ARM.Build.0 = Debug|Any CPU
		{8E6A63F7-2060-4984-B8A0-F1FB8728795B}.Ad-Hoc|iPhone.ActiveCfg = Debug|Any CPU
		{8E6A63F7-2060-4984-B8A0-F1FB8728795B}.Ad-Hoc|iPhone.Build.0 = Debug|Any CPU
		{8E6A63F7-2060-4984-B8A0-F1FB8728795B}.Ad-Hoc|iPhoneSimulator.ActiveCfg = Debug|Any CPU
		{8E6A63F7-2060-4984-B8A0-F1FB8728795B}.Ad-Hoc|iPhoneSimulator.Build.0 = Debug|Any CPU
		{8E6A63F7-2060-4984-B8A0-F1FB8728795B}.Ad-Hoc|x64.ActiveCfg = Debug|Any CPU
		{8E6A63F7-2060-4984-B8A0-F1FB8728795B}.Ad-Hoc|x64.Build.0 = Debug|Any CPU
		{8E6A63F7-2060-4984-B8A0-F1FB8728795B}.Ad-Hoc|x86.ActiveCfg = Debug|Any CPU
		{8E6A63F7-2060-4984-B8A0-F1FB8728795B}.Ad-Hoc|x86.Build.0 = Debug|Any CPU
		{8E6A63F7-2060-4984-B8A0-F1FB8728795B}.AppStore|Any CPU.ActiveCfg = Debug|Any CPU
		{8E6A63F7-2060-4984-B8A0-F1FB8728795B}.AppStore|Any CPU.Build.0 = Debug|Any CPU
		{8E6A63F7-2060-4984-B8A0-F1FB8728795B}.AppStore|ARM.ActiveCfg = Debug|Any CPU
		{8E6A63F7-2060-4984-B8A0-F1FB8728795B}.AppStore|ARM.Build.0 = Debug|Any CPU
		{8E6A63F7-2060-4984-B8A0-F1FB8728795B}.AppStore|iPhone.ActiveCfg = Debug|Any CPU
		{8E6A63F7-2060-4984-B8A0-F1FB8728795B}.AppStore|iPhone.Build.0 = Debug|Any CPU
		{8E6A63F7-2060-4984-B8A0-F1FB8728795B}.AppStore|iPhoneSimulator.ActiveCfg = Debug|Any CPU
		{8E6A63F7-2060-4984-B8A0-F1FB8728795B}.AppStore|iPhoneSimulator.Build.0 = Debug|Any CPU
		{8E6A63F7-2060-4984-B8A0-F1FB8728795B}.AppStore|x64.ActiveCfg = Debug|Any CPU
		{8E6A63F7-2060-4984-B8A0-F1FB8728795B}.AppStore|x64.Build.0 = Debug|Any CPU
		{8E6A63F7-2060-4984-B8A0-F1FB8728795B}.AppStore|x86.ActiveCfg = Debug|Any CPU
		{8E6A63F7-2060-4984-B8A0-F1FB8728795B}.AppStore|x86.Build.0 = Debug|Any CPU
		{8E6A63F7-2060-4984-B8A0-F1FB8728795B}.Debug|Any CPU.ActiveCfg = Debug|Any CPU
		{8E6A63F7-2060-4984-B8A0-F1FB8728795B}.Debug|Any CPU.Build.0 = Debug|Any CPU
		{8E6A63F7-2060-4984-B8A0-F1FB8728795B}.Debug|ARM.ActiveCfg = Debug|Any CPU
		{8E6A63F7-2060-4984-B8A0-F1FB8728795B}.Debug|ARM.Build.0 = Debug|Any CPU
		{8E6A63F7-2060-4984-B8A0-F1FB8728795B}.Debug|iPhone.ActiveCfg = Debug|Any CPU
		{8E6A63F7-2060-4984-B8A0-F1FB8728795B}.Debug|iPhone.Build.0 = Debug|Any CPU
		{8E6A63F7-2060-4984-B8A0-F1FB8728795B}.Debug|iPhoneSimulator.ActiveCfg = Debug|Any CPU
		{8E6A63F7-2060-4984-B8A0-F1FB8728795B}.Debug|iPhoneSimulator.Build.0 = Debug|Any CPU
		{8E6A63F7-2060-4984-B8A0-F1FB8728795B}.Debug|x64.ActiveCfg = Debug|Any CPU
		{8E6A63F7-2060-4984-B8A0-F1FB8728795B}.Debug|x64.Build.0 = Debug|Any CPU
		{8E6A63F7-2060-4984-B8A0-F1FB8728795B}.Debug|x86.ActiveCfg = Debug|Any CPU
		{8E6A63F7-2060-4984-B8A0-F1FB8728795B}.Debug|x86.Build.0 = Debug|Any CPU
		{8E6A63F7-2060-4984-B8A0-F1FB8728795B}.Release|Any CPU.ActiveCfg = Release|Any CPU
		{8E6A63F7-2060-4984-B8A0-F1FB8728795B}.Release|Any CPU.Build.0 = Release|Any CPU
		{8E6A63F7-2060-4984-B8A0-F1FB8728795B}.Release|ARM.ActiveCfg = Release|Any CPU
		{8E6A63F7-2060-4984-B8A0-F1FB8728795B}.Release|ARM.Build.0 = Release|Any CPU
		{8E6A63F7-2060-4984-B8A0-F1FB8728795B}.Release|iPhone.ActiveCfg = Release|Any CPU
		{8E6A63F7-2060-4984-B8A0-F1FB8728795B}.Release|iPhone.Build.0 = Release|Any CPU
		{8E6A63F7-2060-4984-B8A0-F1FB8728795B}.Release|iPhoneSimulator.ActiveCfg = Release|Any CPU
		{8E6A63F7-2060-4984-B8A0-F1FB8728795B}.Release|iPhoneSimulator.Build.0 = Release|Any CPU
		{8E6A63F7-2060-4984-B8A0-F1FB8728795B}.Release|x64.ActiveCfg = Release|Any CPU
		{8E6A63F7-2060-4984-B8A0-F1FB8728795B}.Release|x64.Build.0 = Release|Any CPU
		{8E6A63F7-2060-4984-B8A0-F1FB8728795B}.Release|x86.ActiveCfg = Release|Any CPU
		{8E6A63F7-2060-4984-B8A0-F1FB8728795B}.Release|x86.Build.0 = Release|Any CPU
		{6454EC38-1E87-445C-8304-957D02B62405}.Ad-Hoc|Any CPU.ActiveCfg = Release|Any CPU
		{6454EC38-1E87-445C-8304-957D02B62405}.Ad-Hoc|Any CPU.Build.0 = Release|Any CPU
		{6454EC38-1E87-445C-8304-957D02B62405}.Ad-Hoc|Any CPU.Deploy.0 = Release|Any CPU
		{6454EC38-1E87-445C-8304-957D02B62405}.Ad-Hoc|ARM.ActiveCfg = Release|Any CPU
		{6454EC38-1E87-445C-8304-957D02B62405}.Ad-Hoc|ARM.Build.0 = Release|Any CPU
		{6454EC38-1E87-445C-8304-957D02B62405}.Ad-Hoc|ARM.Deploy.0 = Release|Any CPU
		{6454EC38-1E87-445C-8304-957D02B62405}.Ad-Hoc|iPhone.ActiveCfg = Release|Any CPU
		{6454EC38-1E87-445C-8304-957D02B62405}.Ad-Hoc|iPhone.Build.0 = Release|Any CPU
		{6454EC38-1E87-445C-8304-957D02B62405}.Ad-Hoc|iPhone.Deploy.0 = Release|Any CPU
		{6454EC38-1E87-445C-8304-957D02B62405}.Ad-Hoc|iPhoneSimulator.ActiveCfg = Release|Any CPU
		{6454EC38-1E87-445C-8304-957D02B62405}.Ad-Hoc|iPhoneSimulator.Build.0 = Release|Any CPU
		{6454EC38-1E87-445C-8304-957D02B62405}.Ad-Hoc|iPhoneSimulator.Deploy.0 = Release|Any CPU
		{6454EC38-1E87-445C-8304-957D02B62405}.Ad-Hoc|x64.ActiveCfg = Release|Any CPU
		{6454EC38-1E87-445C-8304-957D02B62405}.Ad-Hoc|x64.Build.0 = Release|Any CPU
		{6454EC38-1E87-445C-8304-957D02B62405}.Ad-Hoc|x64.Deploy.0 = Release|Any CPU
		{6454EC38-1E87-445C-8304-957D02B62405}.Ad-Hoc|x86.ActiveCfg = Release|Any CPU
		{6454EC38-1E87-445C-8304-957D02B62405}.Ad-Hoc|x86.Build.0 = Release|Any CPU
		{6454EC38-1E87-445C-8304-957D02B62405}.Ad-Hoc|x86.Deploy.0 = Release|Any CPU
		{6454EC38-1E87-445C-8304-957D02B62405}.AppStore|Any CPU.ActiveCfg = Release|Any CPU
		{6454EC38-1E87-445C-8304-957D02B62405}.AppStore|Any CPU.Build.0 = Release|Any CPU
		{6454EC38-1E87-445C-8304-957D02B62405}.AppStore|Any CPU.Deploy.0 = Release|Any CPU
		{6454EC38-1E87-445C-8304-957D02B62405}.AppStore|ARM.ActiveCfg = Release|Any CPU
		{6454EC38-1E87-445C-8304-957D02B62405}.AppStore|ARM.Build.0 = Release|Any CPU
		{6454EC38-1E87-445C-8304-957D02B62405}.AppStore|ARM.Deploy.0 = Release|Any CPU
		{6454EC38-1E87-445C-8304-957D02B62405}.AppStore|iPhone.ActiveCfg = Release|Any CPU
		{6454EC38-1E87-445C-8304-957D02B62405}.AppStore|iPhone.Build.0 = Release|Any CPU
		{6454EC38-1E87-445C-8304-957D02B62405}.AppStore|iPhone.Deploy.0 = Release|Any CPU
		{6454EC38-1E87-445C-8304-957D02B62405}.AppStore|iPhoneSimulator.ActiveCfg = Release|Any CPU
		{6454EC38-1E87-445C-8304-957D02B62405}.AppStore|iPhoneSimulator.Build.0 = Release|Any CPU
		{6454EC38-1E87-445C-8304-957D02B62405}.AppStore|iPhoneSimulator.Deploy.0 = Release|Any CPU
		{6454EC38-1E87-445C-8304-957D02B62405}.AppStore|x64.ActiveCfg = Release|Any CPU
		{6454EC38-1E87-445C-8304-957D02B62405}.AppStore|x64.Build.0 = Release|Any CPU
		{6454EC38-1E87-445C-8304-957D02B62405}.AppStore|x64.Deploy.0 = Release|Any CPU
		{6454EC38-1E87-445C-8304-957D02B62405}.AppStore|x86.ActiveCfg = Release|Any CPU
		{6454EC38-1E87-445C-8304-957D02B62405}.AppStore|x86.Build.0 = Release|Any CPU
		{6454EC38-1E87-445C-8304-957D02B62405}.AppStore|x86.Deploy.0 = Release|Any CPU
		{6454EC38-1E87-445C-8304-957D02B62405}.Debug|Any CPU.ActiveCfg = Debug|Any CPU
		{6454EC38-1E87-445C-8304-957D02B62405}.Debug|Any CPU.Build.0 = Debug|Any CPU
		{6454EC38-1E87-445C-8304-957D02B62405}.Debug|Any CPU.Deploy.0 = Debug|Any CPU
		{6454EC38-1E87-445C-8304-957D02B62405}.Debug|ARM.ActiveCfg = Debug|Any CPU
		{6454EC38-1E87-445C-8304-957D02B62405}.Debug|ARM.Build.0 = Debug|Any CPU
		{6454EC38-1E87-445C-8304-957D02B62405}.Debug|ARM.Deploy.0 = Debug|Any CPU
		{6454EC38-1E87-445C-8304-957D02B62405}.Debug|iPhone.ActiveCfg = Debug|Any CPU
		{6454EC38-1E87-445C-8304-957D02B62405}.Debug|iPhone.Build.0 = Debug|Any CPU
		{6454EC38-1E87-445C-8304-957D02B62405}.Debug|iPhone.Deploy.0 = Debug|Any CPU
		{6454EC38-1E87-445C-8304-957D02B62405}.Debug|iPhoneSimulator.ActiveCfg = Debug|Any CPU
		{6454EC38-1E87-445C-8304-957D02B62405}.Debug|iPhoneSimulator.Build.0 = Debug|Any CPU
		{6454EC38-1E87-445C-8304-957D02B62405}.Debug|iPhoneSimulator.Deploy.0 = Debug|Any CPU
		{6454EC38-1E87-445C-8304-957D02B62405}.Debug|x64.ActiveCfg = Debug|Any CPU
		{6454EC38-1E87-445C-8304-957D02B62405}.Debug|x64.Build.0 = Debug|Any CPU
		{6454EC38-1E87-445C-8304-957D02B62405}.Debug|x64.Deploy.0 = Debug|Any CPU
		{6454EC38-1E87-445C-8304-957D02B62405}.Debug|x86.ActiveCfg = Debug|Any CPU
		{6454EC38-1E87-445C-8304-957D02B62405}.Debug|x86.Build.0 = Debug|Any CPU
		{6454EC38-1E87-445C-8304-957D02B62405}.Debug|x86.Deploy.0 = Debug|Any CPU
		{6454EC38-1E87-445C-8304-957D02B62405}.Release|Any CPU.ActiveCfg = Release|Any CPU
		{6454EC38-1E87-445C-8304-957D02B62405}.Release|Any CPU.Build.0 = Release|Any CPU
		{6454EC38-1E87-445C-8304-957D02B62405}.Release|Any CPU.Deploy.0 = Release|Any CPU
		{6454EC38-1E87-445C-8304-957D02B62405}.Release|ARM.ActiveCfg = Release|Any CPU
		{6454EC38-1E87-445C-8304-957D02B62405}.Release|ARM.Build.0 = Release|Any CPU
		{6454EC38-1E87-445C-8304-957D02B62405}.Release|ARM.Deploy.0 = Release|Any CPU
		{6454EC38-1E87-445C-8304-957D02B62405}.Release|iPhone.ActiveCfg = Release|Any CPU
		{6454EC38-1E87-445C-8304-957D02B62405}.Release|iPhone.Build.0 = Release|Any CPU
		{6454EC38-1E87-445C-8304-957D02B62405}.Release|iPhone.Deploy.0 = Release|Any CPU
		{6454EC38-1E87-445C-8304-957D02B62405}.Release|iPhoneSimulator.ActiveCfg = Release|Any CPU
		{6454EC38-1E87-445C-8304-957D02B62405}.Release|iPhoneSimulator.Build.0 = Release|Any CPU
		{6454EC38-1E87-445C-8304-957D02B62405}.Release|iPhoneSimulator.Deploy.0 = Release|Any CPU
		{6454EC38-1E87-445C-8304-957D02B62405}.Release|x64.ActiveCfg = Release|Any CPU
		{6454EC38-1E87-445C-8304-957D02B62405}.Release|x64.Build.0 = Release|Any CPU
		{6454EC38-1E87-445C-8304-957D02B62405}.Release|x64.Deploy.0 = Release|Any CPU
		{6454EC38-1E87-445C-8304-957D02B62405}.Release|x86.ActiveCfg = Release|Any CPU
		{6454EC38-1E87-445C-8304-957D02B62405}.Release|x86.Build.0 = Release|Any CPU
		{6454EC38-1E87-445C-8304-957D02B62405}.Release|x86.Deploy.0 = Release|Any CPU
		{158F35E3-5B5F-4EE7-9AA5-6B28CF111051}.Ad-Hoc|Any CPU.ActiveCfg = Ad-Hoc|iPhone
		{158F35E3-5B5F-4EE7-9AA5-6B28CF111051}.Ad-Hoc|ARM.ActiveCfg = Ad-Hoc|iPhone
		{158F35E3-5B5F-4EE7-9AA5-6B28CF111051}.Ad-Hoc|iPhone.ActiveCfg = Ad-Hoc|iPhone
		{158F35E3-5B5F-4EE7-9AA5-6B28CF111051}.Ad-Hoc|iPhone.Build.0 = Ad-Hoc|iPhone
		{158F35E3-5B5F-4EE7-9AA5-6B28CF111051}.Ad-Hoc|iPhoneSimulator.ActiveCfg = Ad-Hoc|iPhoneSimulator
		{158F35E3-5B5F-4EE7-9AA5-6B28CF111051}.Ad-Hoc|iPhoneSimulator.Build.0 = Ad-Hoc|iPhoneSimulator
		{158F35E3-5B5F-4EE7-9AA5-6B28CF111051}.Ad-Hoc|x64.ActiveCfg = Ad-Hoc|iPhone
		{158F35E3-5B5F-4EE7-9AA5-6B28CF111051}.Ad-Hoc|x86.ActiveCfg = Ad-Hoc|iPhone
		{158F35E3-5B5F-4EE7-9AA5-6B28CF111051}.AppStore|Any CPU.ActiveCfg = AppStore|iPhone
		{158F35E3-5B5F-4EE7-9AA5-6B28CF111051}.AppStore|ARM.ActiveCfg = AppStore|iPhone
		{158F35E3-5B5F-4EE7-9AA5-6B28CF111051}.AppStore|iPhone.ActiveCfg = AppStore|iPhone
		{158F35E3-5B5F-4EE7-9AA5-6B28CF111051}.AppStore|iPhone.Build.0 = AppStore|iPhone
		{158F35E3-5B5F-4EE7-9AA5-6B28CF111051}.AppStore|iPhoneSimulator.ActiveCfg = AppStore|iPhoneSimulator
		{158F35E3-5B5F-4EE7-9AA5-6B28CF111051}.AppStore|iPhoneSimulator.Build.0 = AppStore|iPhoneSimulator
		{158F35E3-5B5F-4EE7-9AA5-6B28CF111051}.AppStore|x64.ActiveCfg = AppStore|iPhone
		{158F35E3-5B5F-4EE7-9AA5-6B28CF111051}.AppStore|x86.ActiveCfg = AppStore|iPhone
		{158F35E3-5B5F-4EE7-9AA5-6B28CF111051}.Debug|Any CPU.ActiveCfg = Debug|iPhone
		{158F35E3-5B5F-4EE7-9AA5-6B28CF111051}.Debug|ARM.ActiveCfg = Debug|iPhone
		{158F35E3-5B5F-4EE7-9AA5-6B28CF111051}.Debug|iPhone.ActiveCfg = Debug|iPhone
		{158F35E3-5B5F-4EE7-9AA5-6B28CF111051}.Debug|iPhone.Build.0 = Debug|iPhone
		{158F35E3-5B5F-4EE7-9AA5-6B28CF111051}.Debug|iPhoneSimulator.ActiveCfg = Debug|iPhoneSimulator
		{158F35E3-5B5F-4EE7-9AA5-6B28CF111051}.Debug|iPhoneSimulator.Build.0 = Debug|iPhoneSimulator
		{158F35E3-5B5F-4EE7-9AA5-6B28CF111051}.Debug|x64.ActiveCfg = Debug|iPhone
		{158F35E3-5B5F-4EE7-9AA5-6B28CF111051}.Debug|x86.ActiveCfg = Debug|iPhone
		{158F35E3-5B5F-4EE7-9AA5-6B28CF111051}.Release|Any CPU.ActiveCfg = Release|iPhone
		{158F35E3-5B5F-4EE7-9AA5-6B28CF111051}.Release|ARM.ActiveCfg = Release|iPhone
		{158F35E3-5B5F-4EE7-9AA5-6B28CF111051}.Release|iPhone.ActiveCfg = Release|iPhone
		{158F35E3-5B5F-4EE7-9AA5-6B28CF111051}.Release|iPhone.Build.0 = Release|iPhone
		{158F35E3-5B5F-4EE7-9AA5-6B28CF111051}.Release|iPhoneSimulator.ActiveCfg = Release|iPhoneSimulator
		{158F35E3-5B5F-4EE7-9AA5-6B28CF111051}.Release|iPhoneSimulator.Build.0 = Release|iPhoneSimulator
		{158F35E3-5B5F-4EE7-9AA5-6B28CF111051}.Release|x64.ActiveCfg = Release|iPhone
		{158F35E3-5B5F-4EE7-9AA5-6B28CF111051}.Release|x86.ActiveCfg = Release|iPhone
		{B6798830-D752-442E-B460-D69071939055}.Ad-Hoc|Any CPU.ActiveCfg = Release|x86
		{B6798830-D752-442E-B460-D69071939055}.Ad-Hoc|Any CPU.Build.0 = Release|x86
		{B6798830-D752-442E-B460-D69071939055}.Ad-Hoc|Any CPU.Deploy.0 = Release|x86
		{B6798830-D752-442E-B460-D69071939055}.Ad-Hoc|ARM.ActiveCfg = Release|ARM
		{B6798830-D752-442E-B460-D69071939055}.Ad-Hoc|ARM.Build.0 = Release|ARM
		{B6798830-D752-442E-B460-D69071939055}.Ad-Hoc|ARM.Deploy.0 = Release|ARM
		{B6798830-D752-442E-B460-D69071939055}.Ad-Hoc|iPhone.ActiveCfg = Release|x86
		{B6798830-D752-442E-B460-D69071939055}.Ad-Hoc|iPhone.Build.0 = Release|x86
		{B6798830-D752-442E-B460-D69071939055}.Ad-Hoc|iPhone.Deploy.0 = Release|x86
		{B6798830-D752-442E-B460-D69071939055}.Ad-Hoc|iPhoneSimulator.ActiveCfg = Release|x86
		{B6798830-D752-442E-B460-D69071939055}.Ad-Hoc|iPhoneSimulator.Build.0 = Release|x86
		{B6798830-D752-442E-B460-D69071939055}.Ad-Hoc|iPhoneSimulator.Deploy.0 = Release|x86
		{B6798830-D752-442E-B460-D69071939055}.Ad-Hoc|x64.ActiveCfg = Release|x64
		{B6798830-D752-442E-B460-D69071939055}.Ad-Hoc|x64.Build.0 = Release|x64
		{B6798830-D752-442E-B460-D69071939055}.Ad-Hoc|x64.Deploy.0 = Release|x64
		{B6798830-D752-442E-B460-D69071939055}.Ad-Hoc|x86.ActiveCfg = Release|x86
		{B6798830-D752-442E-B460-D69071939055}.Ad-Hoc|x86.Build.0 = Release|x86
		{B6798830-D752-442E-B460-D69071939055}.Ad-Hoc|x86.Deploy.0 = Release|x86
		{B6798830-D752-442E-B460-D69071939055}.AppStore|Any CPU.ActiveCfg = Release|x86
		{B6798830-D752-442E-B460-D69071939055}.AppStore|Any CPU.Build.0 = Release|x86
		{B6798830-D752-442E-B460-D69071939055}.AppStore|Any CPU.Deploy.0 = Release|x86
		{B6798830-D752-442E-B460-D69071939055}.AppStore|ARM.ActiveCfg = Release|ARM
		{B6798830-D752-442E-B460-D69071939055}.AppStore|ARM.Build.0 = Release|ARM
		{B6798830-D752-442E-B460-D69071939055}.AppStore|ARM.Deploy.0 = Release|ARM
		{B6798830-D752-442E-B460-D69071939055}.AppStore|iPhone.ActiveCfg = Release|x86
		{B6798830-D752-442E-B460-D69071939055}.AppStore|iPhone.Build.0 = Release|x86
		{B6798830-D752-442E-B460-D69071939055}.AppStore|iPhone.Deploy.0 = Release|x86
		{B6798830-D752-442E-B460-D69071939055}.AppStore|iPhoneSimulator.ActiveCfg = Release|x86
		{B6798830-D752-442E-B460-D69071939055}.AppStore|iPhoneSimulator.Build.0 = Release|x86
		{B6798830-D752-442E-B460-D69071939055}.AppStore|iPhoneSimulator.Deploy.0 = Release|x86
		{B6798830-D752-442E-B460-D69071939055}.AppStore|x64.ActiveCfg = Release|x64
		{B6798830-D752-442E-B460-D69071939055}.AppStore|x64.Build.0 = Release|x64
		{B6798830-D752-442E-B460-D69071939055}.AppStore|x64.Deploy.0 = Release|x64
		{B6798830-D752-442E-B460-D69071939055}.AppStore|x86.ActiveCfg = Release|x86
		{B6798830-D752-442E-B460-D69071939055}.AppStore|x86.Build.0 = Release|x86
		{B6798830-D752-442E-B460-D69071939055}.AppStore|x86.Deploy.0 = Release|x86
		{B6798830-D752-442E-B460-D69071939055}.Debug|Any CPU.ActiveCfg = Debug|x86
		{B6798830-D752-442E-B460-D69071939055}.Debug|ARM.ActiveCfg = Debug|ARM
		{B6798830-D752-442E-B460-D69071939055}.Debug|ARM.Build.0 = Debug|ARM
		{B6798830-D752-442E-B460-D69071939055}.Debug|ARM.Deploy.0 = Debug|ARM
		{B6798830-D752-442E-B460-D69071939055}.Debug|iPhone.ActiveCfg = Debug|x86
		{B6798830-D752-442E-B460-D69071939055}.Debug|iPhoneSimulator.ActiveCfg = Debug|x86
		{B6798830-D752-442E-B460-D69071939055}.Debug|x64.ActiveCfg = Debug|x64
		{B6798830-D752-442E-B460-D69071939055}.Debug|x64.Build.0 = Debug|x64
		{B6798830-D752-442E-B460-D69071939055}.Debug|x64.Deploy.0 = Debug|x64
		{B6798830-D752-442E-B460-D69071939055}.Debug|x86.ActiveCfg = Debug|x86
		{B6798830-D752-442E-B460-D69071939055}.Debug|x86.Build.0 = Debug|x86
		{B6798830-D752-442E-B460-D69071939055}.Debug|x86.Deploy.0 = Debug|x86
		{B6798830-D752-442E-B460-D69071939055}.Release|Any CPU.ActiveCfg = Release|x86
		{B6798830-D752-442E-B460-D69071939055}.Release|ARM.ActiveCfg = Release|ARM
		{B6798830-D752-442E-B460-D69071939055}.Release|ARM.Build.0 = Release|ARM
		{B6798830-D752-442E-B460-D69071939055}.Release|ARM.Deploy.0 = Release|ARM
		{B6798830-D752-442E-B460-D69071939055}.Release|iPhone.ActiveCfg = Release|x86
		{B6798830-D752-442E-B460-D69071939055}.Release|iPhoneSimulator.ActiveCfg = Release|x86
		{B6798830-D752-442E-B460-D69071939055}.Release|x64.ActiveCfg = Release|x64
		{B6798830-D752-442E-B460-D69071939055}.Release|x64.Build.0 = Release|x64
		{B6798830-D752-442E-B460-D69071939055}.Release|x64.Deploy.0 = Release|x64
		{B6798830-D752-442E-B460-D69071939055}.Release|x86.ActiveCfg = Release|x86
		{B6798830-D752-442E-B460-D69071939055}.Release|x86.Build.0 = Release|x86
		{B6798830-D752-442E-B460-D69071939055}.Release|x86.Deploy.0 = Release|x86
		{2E474545-4B71-4C2C-8A1E-03987D5FCC46}.Ad-Hoc|Any CPU.ActiveCfg = Release|Any CPU
		{2E474545-4B71-4C2C-8A1E-03987D5FCC46}.Ad-Hoc|Any CPU.Build.0 = Release|Any CPU
		{2E474545-4B71-4C2C-8A1E-03987D5FCC46}.Ad-Hoc|ARM.ActiveCfg = Release|Any CPU
		{2E474545-4B71-4C2C-8A1E-03987D5FCC46}.Ad-Hoc|ARM.Build.0 = Release|Any CPU
		{2E474545-4B71-4C2C-8A1E-03987D5FCC46}.Ad-Hoc|iPhone.ActiveCfg = Release|Any CPU
		{2E474545-4B71-4C2C-8A1E-03987D5FCC46}.Ad-Hoc|iPhone.Build.0 = Release|Any CPU
		{2E474545-4B71-4C2C-8A1E-03987D5FCC46}.Ad-Hoc|iPhoneSimulator.ActiveCfg = Release|Any CPU
		{2E474545-4B71-4C2C-8A1E-03987D5FCC46}.Ad-Hoc|iPhoneSimulator.Build.0 = Release|Any CPU
		{2E474545-4B71-4C2C-8A1E-03987D5FCC46}.Ad-Hoc|x64.ActiveCfg = Release|Any CPU
		{2E474545-4B71-4C2C-8A1E-03987D5FCC46}.Ad-Hoc|x64.Build.0 = Release|Any CPU
		{2E474545-4B71-4C2C-8A1E-03987D5FCC46}.Ad-Hoc|x86.ActiveCfg = Release|Any CPU
		{2E474545-4B71-4C2C-8A1E-03987D5FCC46}.Ad-Hoc|x86.Build.0 = Release|Any CPU
		{2E474545-4B71-4C2C-8A1E-03987D5FCC46}.AppStore|Any CPU.ActiveCfg = Release|Any CPU
		{2E474545-4B71-4C2C-8A1E-03987D5FCC46}.AppStore|Any CPU.Build.0 = Release|Any CPU
		{2E474545-4B71-4C2C-8A1E-03987D5FCC46}.AppStore|ARM.ActiveCfg = Release|Any CPU
		{2E474545-4B71-4C2C-8A1E-03987D5FCC46}.AppStore|ARM.Build.0 = Release|Any CPU
		{2E474545-4B71-4C2C-8A1E-03987D5FCC46}.AppStore|iPhone.ActiveCfg = Release|Any CPU
		{2E474545-4B71-4C2C-8A1E-03987D5FCC46}.AppStore|iPhone.Build.0 = Release|Any CPU
		{2E474545-4B71-4C2C-8A1E-03987D5FCC46}.AppStore|iPhoneSimulator.ActiveCfg = Release|Any CPU
		{2E474545-4B71-4C2C-8A1E-03987D5FCC46}.AppStore|iPhoneSimulator.Build.0 = Release|Any CPU
		{2E474545-4B71-4C2C-8A1E-03987D5FCC46}.AppStore|x64.ActiveCfg = Release|Any CPU
		{2E474545-4B71-4C2C-8A1E-03987D5FCC46}.AppStore|x64.Build.0 = Release|Any CPU
		{2E474545-4B71-4C2C-8A1E-03987D5FCC46}.AppStore|x86.ActiveCfg = Release|Any CPU
		{2E474545-4B71-4C2C-8A1E-03987D5FCC46}.AppStore|x86.Build.0 = Release|Any CPU
		{2E474545-4B71-4C2C-8A1E-03987D5FCC46}.Debug|Any CPU.ActiveCfg = Debug|Any CPU
		{2E474545-4B71-4C2C-8A1E-03987D5FCC46}.Debug|Any CPU.Build.0 = Debug|Any CPU
		{2E474545-4B71-4C2C-8A1E-03987D5FCC46}.Debug|ARM.ActiveCfg = Debug|Any CPU
		{2E474545-4B71-4C2C-8A1E-03987D5FCC46}.Debug|ARM.Build.0 = Debug|Any CPU
		{2E474545-4B71-4C2C-8A1E-03987D5FCC46}.Debug|iPhone.ActiveCfg = Debug|Any CPU
		{2E474545-4B71-4C2C-8A1E-03987D5FCC46}.Debug|iPhone.Build.0 = Debug|Any CPU
		{2E474545-4B71-4C2C-8A1E-03987D5FCC46}.Debug|iPhoneSimulator.ActiveCfg = Debug|Any CPU
		{2E474545-4B71-4C2C-8A1E-03987D5FCC46}.Debug|iPhoneSimulator.Build.0 = Debug|Any CPU
		{2E474545-4B71-4C2C-8A1E-03987D5FCC46}.Debug|x64.ActiveCfg = Debug|Any CPU
		{2E474545-4B71-4C2C-8A1E-03987D5FCC46}.Debug|x64.Build.0 = Debug|Any CPU
		{2E474545-4B71-4C2C-8A1E-03987D5FCC46}.Debug|x86.ActiveCfg = Debug|Any CPU
		{2E474545-4B71-4C2C-8A1E-03987D5FCC46}.Debug|x86.Build.0 = Debug|Any CPU
		{2E474545-4B71-4C2C-8A1E-03987D5FCC46}.Release|Any CPU.ActiveCfg = Release|Any CPU
		{2E474545-4B71-4C2C-8A1E-03987D5FCC46}.Release|Any CPU.Build.0 = Release|Any CPU
		{2E474545-4B71-4C2C-8A1E-03987D5FCC46}.Release|ARM.ActiveCfg = Release|Any CPU
		{2E474545-4B71-4C2C-8A1E-03987D5FCC46}.Release|ARM.Build.0 = Release|Any CPU
		{2E474545-4B71-4C2C-8A1E-03987D5FCC46}.Release|iPhone.ActiveCfg = Release|Any CPU
		{2E474545-4B71-4C2C-8A1E-03987D5FCC46}.Release|iPhone.Build.0 = Release|Any CPU
		{2E474545-4B71-4C2C-8A1E-03987D5FCC46}.Release|iPhoneSimulator.ActiveCfg = Release|Any CPU
		{2E474545-4B71-4C2C-8A1E-03987D5FCC46}.Release|iPhoneSimulator.Build.0 = Release|Any CPU
		{2E474545-4B71-4C2C-8A1E-03987D5FCC46}.Release|x64.ActiveCfg = Release|Any CPU
		{2E474545-4B71-4C2C-8A1E-03987D5FCC46}.Release|x64.Build.0 = Release|Any CPU
		{2E474545-4B71-4C2C-8A1E-03987D5FCC46}.Release|x86.ActiveCfg = Release|Any CPU
		{2E474545-4B71-4C2C-8A1E-03987D5FCC46}.Release|x86.Build.0 = Release|Any CPU
	EndGlobalSection
	GlobalSection(SolutionProperties) = preSolution
		HideSolutionNode = FALSE
	EndGlobalSection
	GlobalSection(NestedProjects) = preSolution
		{2E474545-4B71-4C2C-8A1E-03987D5FCC46} = {9CC0DCC5-31B7-489F-9DD0-4B2A829D3F9D}
	EndGlobalSection
	GlobalSection(ExtensibilityGlobals) = postSolution
		SolutionGuid = {6FF42DE8-364D-4793-B8C3-62AD060511BB}
	EndGlobalSection
EndGlobal
